
Microsoft Visual Studio Solution File, Format Version 12.00
# Visual Studio Version 17
VisualStudioVersion = 17.5.002.0
MinimumVisualStudioVersion = 10.0.40219.1
Project("{9A19103F-16F7-4668-BE54-9A1E7A4F7556}") = "HowToInCA.Application", "HowToInCA.Application\HowToInCA.Application.csproj", "{ABD0C4A3-D456-4F2A-9FBD-83BD1F03408D}"
EndProject
Project("{9A19103F-16F7-4668-BE54-9A1E7A4F7556}") = "HowToInCA.CLI", "HowToInCA.CLI\HowToInCA.CLI.csproj", "{E6575584-3C80-49C1-BBB2-B918BB7AF807}"
EndProject
Project("{9A19103F-16F7-4668-BE54-9A1E7A4F7556}") = "HowToInCA.DataAccess", "HowToInCA.DataAccess\HowToInCA.DataAccess.csproj", "{98F2BE7C-6D9C-47DD-AC65-0CF69B0D91F5}"
EndProject
Project("{9A19103F-16F7-4668-BE54-9A1E7A4F7556}") = "HowToInCA.DataAccess.Tests", "HowToInCA.DataAccess.Tests\HowToInCA.DataAccess.Tests.csproj", "{71865B72-7E2C-4283-A565-CAA5B1D9B221}"
EndProject
Global
	GlobalSection(SolutionConfigurationPlatforms) = preSolution
		Debug|Any CPU = Debug|Any CPU
		Release|Any CPU = Release|Any CPU
	EndGlobalSection
	GlobalSection(ProjectConfigurationPlatforms) = postSolution
		{ABD0C4A3-D456-4F2A-9FBD-83BD1F03408D}.Debug|Any CPU.ActiveCfg = Debug|Any CPU
		{ABD0C4A3-D456-4F2A-9FBD-83BD1F03408D}.Debug|Any CPU.Build.0 = Debug|Any CPU
		{ABD0C4A3-D456-4F2A-9FBD-83BD1F03408D}.Release|Any CPU.ActiveCfg = Release|Any CPU
		{ABD0C4A3-D456-4F2A-9FBD-83BD1F03408D}.Release|Any CPU.Build.0 = Release|Any CPU
		{E6575584-3C80-49C1-BBB2-B918BB7AF807}.Debug|Any CPU.ActiveCfg = Debug|Any CPU
		{E6575584-3C80-49C1-BBB2-B918BB7AF807}.Debug|Any CPU.Build.0 = Debug|Any CPU
		{E6575584-3C80-49C1-BBB2-B918BB7AF807}.Release|Any CPU.ActiveCfg = Release|Any CPU
		{E6575584-3C80-49C1-BBB2-B918BB7AF807}.Release|Any CPU.Build.0 = Release|Any CPU
		{98F2BE7C-6D9C-47DD-AC65-0CF69B0D91F5}.Debug|Any CPU.ActiveCfg = Debug|Any CPU
		{98F2BE7C-6D9C-47DD-AC65-0CF69B0D91F5}.Debug|Any CPU.Build.0 = Debug|Any CPU
		{98F2BE7C-6D9C-47DD-AC65-0CF69B0D91F5}.Release|Any CPU.ActiveCfg = Release|Any CPU
		{98F2BE7C-6D9C-47DD-AC65-0CF69B0D91F5}.Release|Any CPU.Build.0 = Release|Any CPU
		{71865B72-7E2C-4283-A565-CAA5B1D9B221}.Debug|Any CPU.ActiveCfg = Debug|Any CPU
		{71865B72-7E2C-4283-A565-CAA5B1D9B221}.Debug|Any CPU.Build.0 = Debug|Any CPU
		{71865B72-7E2C-4283-A565-CAA5B1D9B221}.Release|Any CPU.ActiveCfg = Release|Any CPU
		{71865B72-7E2C-4283-A565-CAA5B1D9B221}.Release|Any CPU.Build.0 = Release|Any CPU
	EndGlobalSection
	GlobalSection(SolutionProperties) = preSolution
		HideSolutionNode = FALSE
	EndGlobalSection
	GlobalSection(ExtensibilityGlobals) = postSolution
		SolutionGuid = {BE5F017C-D819-4B7D-BBB3-972963ACAC38}
	EndGlobalSection
EndGlobal
