
Microsoft Visual Studio Solution File, Format Version 12.00
# Visual Studio Version 16
VisualStudioVersion = 16.0.30114.105
MinimumVisualStudioVersion = 10.0.40219.1
Project("{FAE04EC0-301F-11D3-BF4B-00C04F79EFBC}") = "MyApp", "CSharp\MyApp.csproj", "{2A0A32EE-C25E-49A2-8E14-64F6CAE9B2C3}"
EndProject
Project("{F2A71F9B-5D33-465A-A702-920D77279786}") = "MyApp.FSharp", "FSharp\MyApp.FSharp.fsproj", "{ED41D98A-76AA-43A3-BFD7-B43C861AFB73}"
EndProject
Global
	GlobalSection(SolutionConfigurationPlatforms) = preSolution
		Debug|Any CPU = Debug|Any CPU
		Release|Any CPU = Release|Any CPU
	EndGlobalSection
	GlobalSection(SolutionProperties) = preSolution
		HideSolutionNode = FALSE
	EndGlobalSection
	GlobalSection(ProjectConfigurationPlatforms) = postSolution
		{2A0A32EE-C25E-49A2-8E14-64F6CAE9B2C3}.Debug|Any CPU.ActiveCfg = Debug|Any CPU
		{2A0A32EE-C25E-49A2-8E14-64F6CAE9B2C3}.Debug|Any CPU.Build.0 = Debug|Any CPU
		{2A0A32EE-C25E-49A2-8E14-64F6CAE9B2C3}.Release|Any CPU.ActiveCfg = Release|Any CPU
		{2A0A32EE-C25E-49A2-8E14-64F6CAE9B2C3}.Release|Any CPU.Build.0 = Release|Any CPU
		{ED41D98A-76AA-43A3-BFD7-B43C861AFB73}.Debug|Any CPU.ActiveCfg = Debug|Any CPU
		{ED41D98A-76AA-43A3-BFD7-B43C861AFB73}.Debug|Any CPU.Build.0 = Debug|Any CPU
		{ED41D98A-76AA-43A3-BFD7-B43C861AFB73}.Release|Any CPU.ActiveCfg = Release|Any CPU
		{ED41D98A-76AA-43A3-BFD7-B43C861AFB73}.Release|Any CPU.Build.0 = Release|Any CPU
	EndGlobalSection
EndGlobal
