Microsoft Visual Studio Solution File, Format Version 12.00
# Visual Studio Version 17
VisualStudioVersion = 17.5.2.0
MinimumVisualStudioVersion = 10.0.40219.1
Project("{FAE04EC0-301F-11D3-BF4B-00C04F79EFBC}") = "Manually", "Manually.csproj", "{91C8F49C-4B3F-B12D-1515-3A985DCEF781}"
EndProject
Global
	GlobalSection(SolutionConfigurationPlatforms) = preSolution
		Debug|Any CPU = Debug|Any CPU
		Release|Any CPU = Release|Any CPU
	EndGlobalSection
	GlobalSection(ProjectConfigurationPlatforms) = postSolution
		{91C8F49C-4B3F-B12D-1515-3A985DCEF781}.Debug|Any CPU.ActiveCfg = Debug|Any CPU
		{91C8F49C-4B3F-B12D-1515-3A985DCEF781}.Debug|Any CPU.Build.0 = Debug|Any CPU
		{91C8F49C-4B3F-B12D-1515-3A985DCEF781}.Release|Any CPU.ActiveCfg = Release|Any CPU
		{91C8F49C-4B3F-B12D-1515-3A985DCEF781}.Release|Any CPU.Build.0 = Release|Any CPU
	EndGlobalSection
	GlobalSection(SolutionProperties) = preSolution
		HideSolutionNode = FALSE
	EndGlobalSection
	GlobalSection(ExtensibilityGlobals) = postSolution
		SolutionGuid = {4780108A-9B07-49A6-906F-1E9FB1E95683}
	EndGlobalSection
EndGlobal
