
Microsoft Visual Studio Solution File, Format Version 12.00
# Visual Studio Version 16
VisualStudioVersion = 16.0.30114.105
MinimumVisualStudioVersion = 10.0.40219.1
Project("{FAE04EC0-301F-11D3-BF4B-00C04F79EFBC}") = "VsProjectConverter", "VsProjectConverter\VsProjectConverter.csproj", "{70F299F5-1162-4B03-8A57-CE6380EDFBB9}"
EndProject
Project("{FAE04EC0-301F-11D3-BF4B-00C04F79EFBC}") = "VsProjectConverter.Tests", "VsProjectConverter.Tests\VsProjectConverter.Tests.csproj", "{F8D3A946-0BCC-4DC4-ADE9-751E66D1AD74}"
EndProject
Global
	GlobalSection(SolutionConfigurationPlatforms) = preSolution
		Debug|Any CPU = Debug|Any CPU
		Debug|x64 = Debug|x64
		Debug|x86 = Debug|x86
		Release|Any CPU = Release|Any CPU
		Release|x64 = Release|x64
		Release|x86 = Release|x86
	EndGlobalSection
	GlobalSection(SolutionProperties) = preSolution
		HideSolutionNode = FALSE
	EndGlobalSection
	GlobalSection(ProjectConfigurationPlatforms) = postSolution
		{70F299F5-1162-4B03-8A57-CE6380EDFBB9}.Debug|Any CPU.ActiveCfg = Debug|Any CPU
		{70F299F5-1162-4B03-8A57-CE6380EDFBB9}.Debug|Any CPU.Build.0 = Debug|Any CPU
		{70F299F5-1162-4B03-8A57-CE6380EDFBB9}.Debug|x64.ActiveCfg = Debug|Any CPU
		{70F299F5-1162-4B03-8A57-CE6380EDFBB9}.Debug|x64.Build.0 = Debug|Any CPU
		{70F299F5-1162-4B03-8A57-CE6380EDFBB9}.Debug|x86.ActiveCfg = Debug|Any CPU
		{70F299F5-1162-4B03-8A57-CE6380EDFBB9}.Debug|x86.Build.0 = Debug|Any CPU
		{70F299F5-1162-4B03-8A57-CE6380EDFBB9}.Release|Any CPU.ActiveCfg = Release|Any CPU
		{70F299F5-1162-4B03-8A57-CE6380EDFBB9}.Release|Any CPU.Build.0 = Release|Any CPU
		{70F299F5-1162-4B03-8A57-CE6380EDFBB9}.Release|x64.ActiveCfg = Release|Any CPU
		{70F299F5-1162-4B03-8A57-CE6380EDFBB9}.Release|x64.Build.0 = Release|Any CPU
		{70F299F5-1162-4B03-8A57-CE6380EDFBB9}.Release|x86.ActiveCfg = Release|Any CPU
		{70F299F5-1162-4B03-8A57-CE6380EDFBB9}.Release|x86.Build.0 = Release|Any CPU
		{F8D3A946-0BCC-4DC4-ADE9-751E66D1AD74}.Debug|Any CPU.ActiveCfg = Debug|Any CPU
		{F8D3A946-0BCC-4DC4-ADE9-751E66D1AD74}.Debug|Any CPU.Build.0 = Debug|Any CPU
		{F8D3A946-0BCC-4DC4-ADE9-751E66D1AD74}.Debug|x64.ActiveCfg = Debug|Any CPU
		{F8D3A946-0BCC-4DC4-ADE9-751E66D1AD74}.Debug|x64.Build.0 = Debug|Any CPU
		{F8D3A946-0BCC-4DC4-ADE9-751E66D1AD74}.Debug|x86.ActiveCfg = Debug|Any CPU
		{F8D3A946-0BCC-4DC4-ADE9-751E66D1AD74}.Debug|x86.Build.0 = Debug|Any CPU
		{F8D3A946-0BCC-4DC4-ADE9-751E66D1AD74}.Release|Any CPU.ActiveCfg = Release|Any CPU
		{F8D3A946-0BCC-4DC4-ADE9-751E66D1AD74}.Release|Any CPU.Build.0 = Release|Any CPU
		{F8D3A946-0BCC-4DC4-ADE9-751E66D1AD74}.Release|x64.ActiveCfg = Release|Any CPU
		{F8D3A946-0BCC-4DC4-ADE9-751E66D1AD74}.Release|x64.Build.0 = Release|Any CPU
		{F8D3A946-0BCC-4DC4-ADE9-751E66D1AD74}.Release|x86.ActiveCfg = Release|Any CPU
		{F8D3A946-0BCC-4DC4-ADE9-751E66D1AD74}.Release|x86.Build.0 = Release|Any CPU
	EndGlobalSection
EndGlobal
