
Microsoft Visual Studio Solution File, Format Version 12.00
# Visual Studio Version 17
VisualStudioVersion = 17.5.002.0
MinimumVisualStudioVersion = 10.0.40219.1
Project("{9A19103F-16F7-4668-BE54-9A1E7A4F7556}") = "TextAnalyzer", "TextAnalyzer\TextAnalyzer.csproj", "{0A500A1F-5639-45E0-B4AB-8CF66C33BD59}"
EndProject
Project("{9A19103F-16F7-4668-BE54-9A1E7A4F7556}") = "TextAnalyzer.CLI", "TextAnalyzer.CLI\TextAnalyzer.CLI.csproj", "{64F4B731-7EA7-4032-B24A-02591B2B59D0}"
EndProject
Project("{9A19103F-16F7-4668-BE54-9A1E7A4F7556}") = "TextAnalyzer.Tests", "TextAnalyzer.Tests\TextAnalyzer.Tests.csproj", "{006C95DA-AF06-486D-ADCA-2C7522738F76}"
EndProject
Global
	GlobalSection(SolutionConfigurationPlatforms) = preSolution
		Debug|Any CPU = Debug|Any CPU
		Release|Any CPU = Release|Any CPU
	EndGlobalSection
	GlobalSection(ProjectConfigurationPlatforms) = postSolution
		{0A500A1F-5639-45E0-B4AB-8CF66C33BD59}.Debug|Any CPU.ActiveCfg = Debug|Any CPU
		{0A500A1F-5639-45E0-B4AB-8CF66C33BD59}.Debug|Any CPU.Build.0 = Debug|Any CPU
		{0A500A1F-5639-45E0-B4AB-8CF66C33BD59}.Release|Any CPU.ActiveCfg = Release|Any CPU
		{0A500A1F-5639-45E0-B4AB-8CF66C33BD59}.Release|Any CPU.Build.0 = Release|Any CPU
		{64F4B731-7EA7-4032-B24A-02591B2B59D0}.Debug|Any CPU.ActiveCfg = Debug|Any CPU
		{64F4B731-7EA7-4032-B24A-02591B2B59D0}.Debug|Any CPU.Build.0 = Debug|Any CPU
		{64F4B731-7EA7-4032-B24A-02591B2B59D0}.Release|Any CPU.ActiveCfg = Release|Any CPU
		{64F4B731-7EA7-4032-B24A-02591B2B59D0}.Release|Any CPU.Build.0 = Release|Any CPU
		{006C95DA-AF06-486D-ADCA-2C7522738F76}.Debug|Any CPU.ActiveCfg = Debug|Any CPU
		{006C95DA-AF06-486D-ADCA-2C7522738F76}.Debug|Any CPU.Build.0 = Debug|Any CPU
		{006C95DA-AF06-486D-ADCA-2C7522738F76}.Release|Any CPU.ActiveCfg = Release|Any CPU
		{006C95DA-AF06-486D-ADCA-2C7522738F76}.Release|Any CPU.Build.0 = Release|Any CPU
	EndGlobalSection
	GlobalSection(SolutionProperties) = preSolution
		HideSolutionNode = FALSE
	EndGlobalSection
	GlobalSection(ExtensibilityGlobals) = postSolution
		SolutionGuid = {4C7EAE0F-05A2-435F-B9AE-06E10323D53E}
	EndGlobalSection
EndGlobal
