
Microsoft Visual Studio Solution File, Format Version 12.00
# Visual Studio Version 17
VisualStudioVersion = 17.3.32901.215
MinimumVisualStudioVersion = 10.0.40219.1
Project("{9A19103F-16F7-4668-BE54-9A1E7A4F7556}") = "AbstractingIO", "AbstractingIO\AbstractingIO.csproj", "{B1C66019-4F9B-4FFF-8CE2-065AB7F8692D}"
EndProject
Project("{9A19103F-16F7-4668-BE54-9A1E7A4F7556}") = "AbstractingIO.Tests", "AbstractingIO.Tests\AbstractingIO.Tests.csproj", "{BBCBF8C1-EC9E-4187-B7EE-9A6DEB357A14}"
EndProject
Global
	GlobalSection(SolutionConfigurationPlatforms) = preSolution
		Debug|Any CPU = Debug|Any CPU
		Release|Any CPU = Release|Any CPU
	EndGlobalSection
	GlobalSection(ProjectConfigurationPlatforms) = postSolution
		{B1C66019-4F9B-4FFF-8CE2-065AB7F8692D}.Debug|Any CPU.ActiveCfg = Debug|Any CPU
		{B1C66019-4F9B-4FFF-8CE2-065AB7F8692D}.Debug|Any CPU.Build.0 = Debug|Any CPU
		{B1C66019-4F9B-4FFF-8CE2-065AB7F8692D}.Release|Any CPU.ActiveCfg = Release|Any CPU
		{B1C66019-4F9B-4FFF-8CE2-065AB7F8692D}.Release|Any CPU.Build.0 = Release|Any CPU
		{BBCBF8C1-EC9E-4187-B7EE-9A6DEB357A14}.Debug|Any CPU.ActiveCfg = Debug|Any CPU
		{BBCBF8C1-EC9E-4187-B7EE-9A6DEB357A14}.Debug|Any CPU.Build.0 = Debug|Any CPU
		{BBCBF8C1-EC9E-4187-B7EE-9A6DEB357A14}.Release|Any CPU.ActiveCfg = Release|Any CPU
		{BBCBF8C1-EC9E-4187-B7EE-9A6DEB357A14}.Release|Any CPU.Build.0 = Release|Any CPU
	EndGlobalSection
	GlobalSection(SolutionProperties) = preSolution
		HideSolutionNode = FALSE
	EndGlobalSection
	GlobalSection(ExtensibilityGlobals) = postSolution
		SolutionGuid = {1E1CBA6C-9AD7-4784-8D3E-F94AD71A73F0}
	EndGlobalSection
EndGlobal
