
Microsoft Visual Studio Solution File, Format Version 12.00
# Visual Studio Version 17
VisualStudioVersion = 17.3.32901.215
MinimumVisualStudioVersion = 10.0.40219.1
Project("{9A19103F-16F7-4668-BE54-9A1E7A4F7556}") = "ExceptionAnalyzer", "ExceptionAnalyzer\ExceptionAnalyzer.csproj", "{6E7052ED-43DE-4A9B-AD0D-D5F529600629}"
EndProject
Project("{9A19103F-16F7-4668-BE54-9A1E7A4F7556}") = "ExceptionAnalyzer.Tests", "ExceptionAnalyzer.Tests\ExceptionAnalyzer.Tests.csproj", "{6820BBC8-6ACB-40C4-BEB6-2A00342A9F52}"
EndProject
Global
	GlobalSection(SolutionConfigurationPlatforms) = preSolution
		Debug|Any CPU = Debug|Any CPU
		Release|Any CPU = Release|Any CPU
	EndGlobalSection
	GlobalSection(ProjectConfigurationPlatforms) = postSolution
		{6E7052ED-43DE-4A9B-AD0D-D5F529600629}.Debug|Any CPU.ActiveCfg = Debug|Any CPU
		{6E7052ED-43DE-4A9B-AD0D-D5F529600629}.Debug|Any CPU.Build.0 = Debug|Any CPU
		{6E7052ED-43DE-4A9B-AD0D-D5F529600629}.Release|Any CPU.ActiveCfg = Release|Any CPU
		{6E7052ED-43DE-4A9B-AD0D-D5F529600629}.Release|Any CPU.Build.0 = Release|Any CPU
		{6820BBC8-6ACB-40C4-BEB6-2A00342A9F52}.Debug|Any CPU.ActiveCfg = Debug|Any CPU
		{6820BBC8-6ACB-40C4-BEB6-2A00342A9F52}.Debug|Any CPU.Build.0 = Debug|Any CPU
		{6820BBC8-6ACB-40C4-BEB6-2A00342A9F52}.Release|Any CPU.ActiveCfg = Release|Any CPU
		{6820BBC8-6ACB-40C4-BEB6-2A00342A9F52}.Release|Any CPU.Build.0 = Release|Any CPU
	EndGlobalSection
	GlobalSection(SolutionProperties) = preSolution
		HideSolutionNode = FALSE
	EndGlobalSection
	GlobalSection(ExtensibilityGlobals) = postSolution
		SolutionGuid = {70548431-7D96-47F0-9FFD-EE6D643986A2}
	EndGlobalSection
EndGlobal
