
Microsoft Visual Studio Solution File, Format Version 12.00
# Visual Studio Version 16
VisualStudioVersion = 16.0.31402.337
MinimumVisualStudioVersion = 10.0.40219.1
Project("{9A19103F-16F7-4668-BE54-9A1E7A4F7556}") = "Depends.CLI", "Depends.CLI\Depends.CLI.csproj", "{4AF6B30E-96D0-4E67-814C-B08E897C9721}"
EndProject
Global
	GlobalSection(SolutionConfigurationPlatforms) = preSolution
		Debug|Any CPU = Debug|Any CPU
		Release|Any CPU = Release|Any CPU
	EndGlobalSection
	GlobalSection(ProjectConfigurationPlatforms) = postSolution
		{4AF6B30E-96D0-4E67-814C-B08E897C9721}.Debug|Any CPU.ActiveCfg = Debug|Any CPU
		{4AF6B30E-96D0-4E67-814C-B08E897C9721}.Debug|Any CPU.Build.0 = Debug|Any CPU
		{4AF6B30E-96D0-4E67-814C-B08E897C9721}.Release|Any CPU.ActiveCfg = Release|Any CPU
		{4AF6B30E-96D0-4E67-814C-B08E897C9721}.Release|Any CPU.Build.0 = Release|Any CPU
	EndGlobalSection
	GlobalSection(SolutionProperties) = preSolution
		HideSolutionNode = FALSE
	EndGlobalSection
	GlobalSection(ExtensibilityGlobals) = postSolution
		SolutionGuid = {545BCFC2-EB0A-4DCF-B25E-2349E313DF1B}
	EndGlobalSection
EndGlobal
