Microsoft Visual Studio Solution File, Format Version 12.00
# Visual Studio Version 17
VisualStudioVersion = 17.3.32901.215
MinimumVisualStudioVersion = 10.0.40219.1
Project("{2150E333-8FDC-42A3-9474-1A3956D46DE8}") = "@docs", "@docs", "{A5BD1EDE-983D-49B1-8D3E-D7B32EDC3676}"
	ProjectSection(SolutionItems) = preProject
		ReadMe.md = ReadMe.md
	EndProjectSection
EndProject
Project("{9A19103F-16F7-4668-BE54-9A1E7A4F7556}") = "Athena.Web", "Athena.Web\Athena.Web.csproj", "{ECBFA34E-F6D7-44A7-9F4B-83F9750FED51}"
EndProject
Project("{2150E333-8FDC-42A3-9474-1A3956D46DE8}") = "Backlog", "Backlog", "{084E81BD-CDAC-4688-ABE1-9D4B4583DDC8}"
EndProject
Project("{9A19103F-16F7-4668-BE54-9A1E7A4F7556}") = "Athena.Backlog.Adapters", "Backlog\Athena.Backlog.Adapters\Athena.Backlog.Adapters.csproj", "{8222ADE3-4FA2-4860-BA13-15848BFB6E37}"
EndProject
Project("{9A19103F-16F7-4668-BE54-9A1E7A4F7556}") = "Athena.Backlog.IO", "Backlog\Athena.Backlog.IO\Athena.Backlog.IO.csproj", "{CCEAC6E3-80EA-45A1-AEBD-1FB674685102}"
EndProject
Project("{9A19103F-16F7-4668-BE54-9A1E7A4F7556}") = "Athena.Backlog.Tests", "Backlog\Athena.Backlog.Tests\Athena.Backlog.Tests.csproj", "{4E25B8F6-C0FA-4394-A151-29F7448829CF}"
EndProject
Project("{9A19103F-16F7-4668-BE54-9A1E7A4F7556}") = "Athena.Backlog.UseCases", "Backlog\Athena.Backlog.UseCases\Athena.Backlog.UseCases.csproj", "{590D8E02-B3CC-4405-A8C7-5211BF3B9719}"
EndProject
Global
	GlobalSection(SolutionConfigurationPlatforms) = preSolution
		Debug|Any CPU = Debug|Any CPU
		Release|Any CPU = Release|Any CPU
	EndGlobalSection
	GlobalSection(ProjectConfigurationPlatforms) = postSolution
		{ECBFA34E-F6D7-44A7-9F4B-83F9750FED51}.Debug|Any CPU.ActiveCfg = Debug|Any CPU
		{ECBFA34E-F6D7-44A7-9F4B-83F9750FED51}.Debug|Any CPU.Build.0 = Debug|Any CPU
		{ECBFA34E-F6D7-44A7-9F4B-83F9750FED51}.Release|Any CPU.ActiveCfg = Release|Any CPU
		{ECBFA34E-F6D7-44A7-9F4B-83F9750FED51}.Release|Any CPU.Build.0 = Release|Any CPU
		{8222ADE3-4FA2-4860-BA13-15848BFB6E37}.Debug|Any CPU.ActiveCfg = Debug|Any CPU
		{8222ADE3-4FA2-4860-BA13-15848BFB6E37}.Debug|Any CPU.Build.0 = Debug|Any CPU
		{8222ADE3-4FA2-4860-BA13-15848BFB6E37}.Release|Any CPU.ActiveCfg = Release|Any CPU
		{8222ADE3-4FA2-4860-BA13-15848BFB6E37}.Release|Any CPU.Build.0 = Release|Any CPU
		{CCEAC6E3-80EA-45A1-AEBD-1FB674685102}.Debug|Any CPU.ActiveCfg = Debug|Any CPU
		{CCEAC6E3-80EA-45A1-AEBD-1FB674685102}.Debug|Any CPU.Build.0 = Debug|Any CPU
		{CCEAC6E3-80EA-45A1-AEBD-1FB674685102}.Release|Any CPU.ActiveCfg = Release|Any CPU
		{CCEAC6E3-80EA-45A1-AEBD-1FB674685102}.Release|Any CPU.Build.0 = Release|Any CPU
		{4E25B8F6-C0FA-4394-A151-29F7448829CF}.Debug|Any CPU.ActiveCfg = Debug|Any CPU
		{4E25B8F6-C0FA-4394-A151-29F7448829CF}.Debug|Any CPU.Build.0 = Debug|Any CPU
		{4E25B8F6-C0FA-4394-A151-29F7448829CF}.Release|Any CPU.ActiveCfg = Release|Any CPU
		{4E25B8F6-C0FA-4394-A151-29F7448829CF}.Release|Any CPU.Build.0 = Release|Any CPU
		{590D8E02-B3CC-4405-A8C7-5211BF3B9719}.Debug|Any CPU.ActiveCfg = Debug|Any CPU
		{590D8E02-B3CC-4405-A8C7-5211BF3B9719}.Debug|Any CPU.Build.0 = Debug|Any CPU
		{590D8E02-B3CC-4405-A8C7-5211BF3B9719}.Release|Any CPU.ActiveCfg = Release|Any CPU
		{590D8E02-B3CC-4405-A8C7-5211BF3B9719}.Release|Any CPU.Build.0 = Release|Any CPU
	EndGlobalSection
	GlobalSection(SolutionProperties) = preSolution
		HideSolutionNode = FALSE
	EndGlobalSection
	GlobalSection(NestedProjects) = preSolution
		{8222ADE3-4FA2-4860-BA13-15848BFB6E37} = {084E81BD-CDAC-4688-ABE1-9D4B4583DDC8}
		{CCEAC6E3-80EA-45A1-AEBD-1FB674685102} = {084E81BD-CDAC-4688-ABE1-9D4B4583DDC8}
		{4E25B8F6-C0FA-4394-A151-29F7448829CF} = {084E81BD-CDAC-4688-ABE1-9D4B4583DDC8}
		{590D8E02-B3CC-4405-A8C7-5211BF3B9719} = {084E81BD-CDAC-4688-ABE1-9D4B4583DDC8}
	EndGlobalSection
	GlobalSection(ExtensibilityGlobals) = postSolution
		SolutionGuid = {2046C5DB-B010-4336-9456-9A7EC2AD382F}
	EndGlobalSection
EndGlobal
