
Microsoft Visual Studio Solution File, Format Version 12.00
# Visual Studio Version 16
VisualStudioVersion = 16.0.30114.105
MinimumVisualStudioVersion = 10.0.40219.1
Project("{2150E333-8FDC-42A3-9474-1A3956D46DE8}") = "@docs", "@docs", "{A5BD1EDE-983D-49B1-8D3E-D7B32EDC3676}"
	ProjectSection(SolutionItems) = preProject
		ReadMe.md = ReadMe.md
	EndProjectSection
EndProject
Project("{FAE04EC0-301F-11D3-BF4B-00C04F79EFBC}") = "Athena.Backlog.Adapters", "Athena.Backlog.Adapters\Athena.Backlog.Adapters.csproj", "{3C7E9C4A-8F0B-4318-B808-315035BB2286}"
EndProject
Project("{FAE04EC0-301F-11D3-BF4B-00C04F79EFBC}") = "Athena.Backlog.Specs", "Athena.Backlog.Specs\Athena.Backlog.Specs.csproj", "{ECC6674B-6BE4-4CE6-B82A-DDC1275651BA}"
EndProject
Project("{FAE04EC0-301F-11D3-BF4B-00C04F79EFBC}") = "Athena.Backlog.Tests", "Athena.Backlog.Tests\Athena.Backlog.Tests.csproj", "{B3798E69-8135-4931-87F2-1115E503CFB2}"
EndProject
Project("{FAE04EC0-301F-11D3-BF4B-00C04F79EFBC}") = "Athena.Web", "Athena.Web\Athena.Web.csproj", "{ECBFA34E-F6D7-44A7-9F4B-83F9750FED51}"
EndProject
Project("{FAE04EC0-301F-11D3-BF4B-00C04F79EFBC}") = "Athena.Backlog.UseCases", "Athena.Backlog.UseCases\Athena.Backlog.UseCases.csproj", "{1BD5B710-D0A8-48D8-B0CE-A6E9888477D3}"
EndProject
Project("{FAE04EC0-301F-11D3-BF4B-00C04F79EFBC}") = "Athena.Backlog.IO", "Athena.Backlog.IO\Athena.Backlog.IO.csproj", "{3125A6DC-4771-4040-BF18-7A666C4510B5}"
EndProject
Project("{FAE04EC0-301F-11D3-BF4B-00C04F79EFBC}") = "Athena.BurnDown", "Athena.BurnDown\Athena.BurnDown.csproj", "{1DEFD6BA-7CA3-40FD-BC4E-8BF10273B9A9}"
EndProject
Project("{FAE04EC0-301F-11D3-BF4B-00C04F79EFBC}") = "Athena.BurnDown.IO", "Athena.BurnDown.IO\Athena.BurnDown.IO.csproj", "{C52E0C4E-70D3-4B1C-877B-3B40BB98E91E}"
EndProject
Project("{FAE04EC0-301F-11D3-BF4B-00C04F79EFBC}") = "Athena.Governance", "Athena.Governance\Athena.Governance.csproj", "{B64075B4-72D0-4971-A507-AB6505888472}"
EndProject
Project("{FAE04EC0-301F-11D3-BF4B-00C04F79EFBC}") = "Athena.Governance.IO", "Athena.Governance.IO\Athena.Governance.IO.csproj", "{A21AD879-C36A-497F-BFF5-EB985E590806}"
EndProject
Project("{FAE04EC0-301F-11D3-BF4B-00C04F79EFBC}") = "Athena.Governance.Specs", "Athena.Governance.Specs\Athena.Governance.Specs.csproj", "{EEAF9572-0AB9-466E-9E3C-317927C38D63}"
EndProject
Project("{FAE04EC0-301F-11D3-BF4B-00C04F79EFBC}") = "Athena.BurnDown.Specs", "Athena.BurnDown.Specs\Athena.BurnDown.Specs.csproj", "{0756263E-0B58-48F8-9897-01A164B3F352}"
EndProject
Project("{2150E333-8FDC-42A3-9474-1A3956D46DE8}") = "Backlog", "Backlog", "{084E81BD-CDAC-4688-ABE1-9D4B4583DDC8}"
EndProject
Project("{2150E333-8FDC-42A3-9474-1A3956D46DE8}") = "BurnDown", "BurnDown", "{98362C67-C4C4-44AF-9B91-2A69420A4C6D}"
EndProject
Project("{2150E333-8FDC-42A3-9474-1A3956D46DE8}") = "Governance", "Governance", "{BB06D652-48A4-44AD-8C27-558B3C037A69}"
EndProject
Project("{2150E333-8FDC-42A3-9474-1A3956D46DE8}") = "Foundation", "Foundation", "{D179C37D-4D61-4446-B943-4151BE92286F}"
EndProject
Project("{FAE04EC0-301F-11D3-BF4B-00C04F79EFBC}") = "Athena.Entities", "Athena.Entities\Athena.Entities.csproj", "{CCBE6947-906A-4F1A-886C-F452A71AF131}"
EndProject
Project("{FAE04EC0-301F-11D3-BF4B-00C04F79EFBC}") = "Athena.Core", "Athena.Core\Athena.Core.csproj", "{1BB2E3ED-C2A8-4052-B875-C8D5E75E0191}"
EndProject
Project("{FAE04EC0-301F-11D3-BF4B-00C04F79EFBC}") = "Athena.Adapters", "Athena.Adapters\Athena.Adapters.csproj", "{C15D373D-80D4-4B48-BA56-A7B2D8CE1E77}"
EndProject
Global
	GlobalSection(SolutionConfigurationPlatforms) = preSolution
		Debug|Any CPU = Debug|Any CPU
		Release|Any CPU = Release|Any CPU
	EndGlobalSection
	GlobalSection(SolutionProperties) = preSolution
		HideSolutionNode = FALSE
	EndGlobalSection
	GlobalSection(ProjectConfigurationPlatforms) = postSolution
		{3C7E9C4A-8F0B-4318-B808-315035BB2286}.Debug|Any CPU.ActiveCfg = Debug|Any CPU
		{3C7E9C4A-8F0B-4318-B808-315035BB2286}.Debug|Any CPU.Build.0 = Debug|Any CPU
		{3C7E9C4A-8F0B-4318-B808-315035BB2286}.Release|Any CPU.ActiveCfg = Release|Any CPU
		{3C7E9C4A-8F0B-4318-B808-315035BB2286}.Release|Any CPU.Build.0 = Release|Any CPU
		{ECC6674B-6BE4-4CE6-B82A-DDC1275651BA}.Debug|Any CPU.ActiveCfg = Debug|Any CPU
		{ECC6674B-6BE4-4CE6-B82A-DDC1275651BA}.Debug|Any CPU.Build.0 = Debug|Any CPU
		{ECC6674B-6BE4-4CE6-B82A-DDC1275651BA}.Release|Any CPU.ActiveCfg = Release|Any CPU
		{ECC6674B-6BE4-4CE6-B82A-DDC1275651BA}.Release|Any CPU.Build.0 = Release|Any CPU
		{B3798E69-8135-4931-87F2-1115E503CFB2}.Debug|Any CPU.ActiveCfg = Debug|Any CPU
		{B3798E69-8135-4931-87F2-1115E503CFB2}.Debug|Any CPU.Build.0 = Debug|Any CPU
		{B3798E69-8135-4931-87F2-1115E503CFB2}.Release|Any CPU.ActiveCfg = Release|Any CPU
		{B3798E69-8135-4931-87F2-1115E503CFB2}.Release|Any CPU.Build.0 = Release|Any CPU
		{ECBFA34E-F6D7-44A7-9F4B-83F9750FED51}.Debug|Any CPU.ActiveCfg = Debug|Any CPU
		{ECBFA34E-F6D7-44A7-9F4B-83F9750FED51}.Debug|Any CPU.Build.0 = Debug|Any CPU
		{ECBFA34E-F6D7-44A7-9F4B-83F9750FED51}.Release|Any CPU.ActiveCfg = Release|Any CPU
		{ECBFA34E-F6D7-44A7-9F4B-83F9750FED51}.Release|Any CPU.Build.0 = Release|Any CPU
		{1BD5B710-D0A8-48D8-B0CE-A6E9888477D3}.Debug|Any CPU.ActiveCfg = Debug|Any CPU
		{1BD5B710-D0A8-48D8-B0CE-A6E9888477D3}.Debug|Any CPU.Build.0 = Debug|Any CPU
		{1BD5B710-D0A8-48D8-B0CE-A6E9888477D3}.Release|Any CPU.ActiveCfg = Release|Any CPU
		{1BD5B710-D0A8-48D8-B0CE-A6E9888477D3}.Release|Any CPU.Build.0 = Release|Any CPU
		{3125A6DC-4771-4040-BF18-7A666C4510B5}.Debug|Any CPU.ActiveCfg = Debug|Any CPU
		{3125A6DC-4771-4040-BF18-7A666C4510B5}.Debug|Any CPU.Build.0 = Debug|Any CPU
		{3125A6DC-4771-4040-BF18-7A666C4510B5}.Release|Any CPU.ActiveCfg = Release|Any CPU
		{3125A6DC-4771-4040-BF18-7A666C4510B5}.Release|Any CPU.Build.0 = Release|Any CPU
		{1DEFD6BA-7CA3-40FD-BC4E-8BF10273B9A9}.Debug|Any CPU.ActiveCfg = Debug|Any CPU
		{1DEFD6BA-7CA3-40FD-BC4E-8BF10273B9A9}.Debug|Any CPU.Build.0 = Debug|Any CPU
		{1DEFD6BA-7CA3-40FD-BC4E-8BF10273B9A9}.Release|Any CPU.ActiveCfg = Release|Any CPU
		{1DEFD6BA-7CA3-40FD-BC4E-8BF10273B9A9}.Release|Any CPU.Build.0 = Release|Any CPU
		{C52E0C4E-70D3-4B1C-877B-3B40BB98E91E}.Debug|Any CPU.ActiveCfg = Debug|Any CPU
		{C52E0C4E-70D3-4B1C-877B-3B40BB98E91E}.Debug|Any CPU.Build.0 = Debug|Any CPU
		{C52E0C4E-70D3-4B1C-877B-3B40BB98E91E}.Release|Any CPU.ActiveCfg = Release|Any CPU
		{C52E0C4E-70D3-4B1C-877B-3B40BB98E91E}.Release|Any CPU.Build.0 = Release|Any CPU
		{B64075B4-72D0-4971-A507-AB6505888472}.Debug|Any CPU.ActiveCfg = Debug|Any CPU
		{B64075B4-72D0-4971-A507-AB6505888472}.Debug|Any CPU.Build.0 = Debug|Any CPU
		{B64075B4-72D0-4971-A507-AB6505888472}.Release|Any CPU.ActiveCfg = Release|Any CPU
		{B64075B4-72D0-4971-A507-AB6505888472}.Release|Any CPU.Build.0 = Release|Any CPU
		{A21AD879-C36A-497F-BFF5-EB985E590806}.Debug|Any CPU.ActiveCfg = Debug|Any CPU
		{A21AD879-C36A-497F-BFF5-EB985E590806}.Debug|Any CPU.Build.0 = Debug|Any CPU
		{A21AD879-C36A-497F-BFF5-EB985E590806}.Release|Any CPU.ActiveCfg = Release|Any CPU
		{A21AD879-C36A-497F-BFF5-EB985E590806}.Release|Any CPU.Build.0 = Release|Any CPU
		{EEAF9572-0AB9-466E-9E3C-317927C38D63}.Debug|Any CPU.ActiveCfg = Debug|Any CPU
		{EEAF9572-0AB9-466E-9E3C-317927C38D63}.Debug|Any CPU.Build.0 = Debug|Any CPU
		{EEAF9572-0AB9-466E-9E3C-317927C38D63}.Release|Any CPU.ActiveCfg = Release|Any CPU
		{EEAF9572-0AB9-466E-9E3C-317927C38D63}.Release|Any CPU.Build.0 = Release|Any CPU
		{0756263E-0B58-48F8-9897-01A164B3F352}.Debug|Any CPU.ActiveCfg = Debug|Any CPU
		{0756263E-0B58-48F8-9897-01A164B3F352}.Debug|Any CPU.Build.0 = Debug|Any CPU
		{0756263E-0B58-48F8-9897-01A164B3F352}.Release|Any CPU.ActiveCfg = Release|Any CPU
		{0756263E-0B58-48F8-9897-01A164B3F352}.Release|Any CPU.Build.0 = Release|Any CPU
		{CCBE6947-906A-4F1A-886C-F452A71AF131}.Debug|Any CPU.ActiveCfg = Debug|Any CPU
		{CCBE6947-906A-4F1A-886C-F452A71AF131}.Debug|Any CPU.Build.0 = Debug|Any CPU
		{CCBE6947-906A-4F1A-886C-F452A71AF131}.Release|Any CPU.ActiveCfg = Release|Any CPU
		{CCBE6947-906A-4F1A-886C-F452A71AF131}.Release|Any CPU.Build.0 = Release|Any CPU
		{1BB2E3ED-C2A8-4052-B875-C8D5E75E0191}.Debug|Any CPU.ActiveCfg = Debug|Any CPU
		{1BB2E3ED-C2A8-4052-B875-C8D5E75E0191}.Debug|Any CPU.Build.0 = Debug|Any CPU
		{1BB2E3ED-C2A8-4052-B875-C8D5E75E0191}.Release|Any CPU.ActiveCfg = Release|Any CPU
		{1BB2E3ED-C2A8-4052-B875-C8D5E75E0191}.Release|Any CPU.Build.0 = Release|Any CPU
		{C15D373D-80D4-4B48-BA56-A7B2D8CE1E77}.Debug|Any CPU.ActiveCfg = Debug|Any CPU
		{C15D373D-80D4-4B48-BA56-A7B2D8CE1E77}.Debug|Any CPU.Build.0 = Debug|Any CPU
		{C15D373D-80D4-4B48-BA56-A7B2D8CE1E77}.Release|Any CPU.ActiveCfg = Release|Any CPU
		{C15D373D-80D4-4B48-BA56-A7B2D8CE1E77}.Release|Any CPU.Build.0 = Release|Any CPU
	EndGlobalSection
	GlobalSection(NestedProjects) = preSolution
		{C15D373D-80D4-4B48-BA56-A7B2D8CE1E77} = {D179C37D-4D61-4446-B943-4151BE92286F}
		{1BB2E3ED-C2A8-4052-B875-C8D5E75E0191} = {D179C37D-4D61-4446-B943-4151BE92286F}
		{CCBE6947-906A-4F1A-886C-F452A71AF131} = {D179C37D-4D61-4446-B943-4151BE92286F}
		{EEAF9572-0AB9-466E-9E3C-317927C38D63} = {BB06D652-48A4-44AD-8C27-558B3C037A69}
		{A21AD879-C36A-497F-BFF5-EB985E590806} = {BB06D652-48A4-44AD-8C27-558B3C037A69}
		{B64075B4-72D0-4971-A507-AB6505888472} = {BB06D652-48A4-44AD-8C27-558B3C037A69}
		{0756263E-0B58-48F8-9897-01A164B3F352} = {98362C67-C4C4-44AF-9B91-2A69420A4C6D}
		{C52E0C4E-70D3-4B1C-877B-3B40BB98E91E} = {98362C67-C4C4-44AF-9B91-2A69420A4C6D}
		{1DEFD6BA-7CA3-40FD-BC4E-8BF10273B9A9} = {98362C67-C4C4-44AF-9B91-2A69420A4C6D}
		{1BD5B710-D0A8-48D8-B0CE-A6E9888477D3} = {084E81BD-CDAC-4688-ABE1-9D4B4583DDC8}
		{B3798E69-8135-4931-87F2-1115E503CFB2} = {084E81BD-CDAC-4688-ABE1-9D4B4583DDC8}
		{ECC6674B-6BE4-4CE6-B82A-DDC1275651BA} = {084E81BD-CDAC-4688-ABE1-9D4B4583DDC8}
		{3125A6DC-4771-4040-BF18-7A666C4510B5} = {084E81BD-CDAC-4688-ABE1-9D4B4583DDC8}
		{3C7E9C4A-8F0B-4318-B808-315035BB2286} = {084E81BD-CDAC-4688-ABE1-9D4B4583DDC8}
	EndGlobalSection
EndGlobal
