
Microsoft Visual Studio Solution File, Format Version 12.00
# Visual Studio Version 16
VisualStudioVersion = 16.0.30114.105
MinimumVisualStudioVersion = 10.0.40219.1
Project("{FAE04EC0-301F-11D3-BF4B-00C04F79EFBC}") = "DesignByContract", "DesignByContract\DesignByContract.csproj", "{6C180404-90EF-4C52-9537-259AAF614297}"
EndProject
Project("{FAE04EC0-301F-11D3-BF4B-00C04F79EFBC}") = "DesignByContract.Examples", "DesignByContract.Examples\DesignByContract.Examples.csproj", "{BD4D511B-F19F-4DFC-A995-A120C894252E}"
EndProject
Global
	GlobalSection(SolutionConfigurationPlatforms) = preSolution
		Debug|Any CPU = Debug|Any CPU
		Debug|x64 = Debug|x64
		Debug|x86 = Debug|x86
		Release|Any CPU = Release|Any CPU
		Release|x64 = Release|x64
		Release|x86 = Release|x86
	EndGlobalSection
	GlobalSection(SolutionProperties) = preSolution
		HideSolutionNode = FALSE
	EndGlobalSection
	GlobalSection(ProjectConfigurationPlatforms) = postSolution
		{6C180404-90EF-4C52-9537-259AAF614297}.Debug|Any CPU.ActiveCfg = Debug|Any CPU
		{6C180404-90EF-4C52-9537-259AAF614297}.Debug|Any CPU.Build.0 = Debug|Any CPU
		{6C180404-90EF-4C52-9537-259AAF614297}.Debug|x64.ActiveCfg = Debug|Any CPU
		{6C180404-90EF-4C52-9537-259AAF614297}.Debug|x64.Build.0 = Debug|Any CPU
		{6C180404-90EF-4C52-9537-259AAF614297}.Debug|x86.ActiveCfg = Debug|Any CPU
		{6C180404-90EF-4C52-9537-259AAF614297}.Debug|x86.Build.0 = Debug|Any CPU
		{6C180404-90EF-4C52-9537-259AAF614297}.Release|Any CPU.ActiveCfg = Release|Any CPU
		{6C180404-90EF-4C52-9537-259AAF614297}.Release|Any CPU.Build.0 = Release|Any CPU
		{6C180404-90EF-4C52-9537-259AAF614297}.Release|x64.ActiveCfg = Release|Any CPU
		{6C180404-90EF-4C52-9537-259AAF614297}.Release|x64.Build.0 = Release|Any CPU
		{6C180404-90EF-4C52-9537-259AAF614297}.Release|x86.ActiveCfg = Release|Any CPU
		{6C180404-90EF-4C52-9537-259AAF614297}.Release|x86.Build.0 = Release|Any CPU
		{BD4D511B-F19F-4DFC-A995-A120C894252E}.Debug|Any CPU.ActiveCfg = Debug|Any CPU
		{BD4D511B-F19F-4DFC-A995-A120C894252E}.Debug|Any CPU.Build.0 = Debug|Any CPU
		{BD4D511B-F19F-4DFC-A995-A120C894252E}.Debug|x64.ActiveCfg = Debug|Any CPU
		{BD4D511B-F19F-4DFC-A995-A120C894252E}.Debug|x64.Build.0 = Debug|Any CPU
		{BD4D511B-F19F-4DFC-A995-A120C894252E}.Debug|x86.ActiveCfg = Debug|Any CPU
		{BD4D511B-F19F-4DFC-A995-A120C894252E}.Debug|x86.Build.0 = Debug|Any CPU
		{BD4D511B-F19F-4DFC-A995-A120C894252E}.Release|Any CPU.ActiveCfg = Release|Any CPU
		{BD4D511B-F19F-4DFC-A995-A120C894252E}.Release|Any CPU.Build.0 = Release|Any CPU
		{BD4D511B-F19F-4DFC-A995-A120C894252E}.Release|x64.ActiveCfg = Release|Any CPU
		{BD4D511B-F19F-4DFC-A995-A120C894252E}.Release|x64.Build.0 = Release|Any CPU
		{BD4D511B-F19F-4DFC-A995-A120C894252E}.Release|x86.ActiveCfg = Release|Any CPU
		{BD4D511B-F19F-4DFC-A995-A120C894252E}.Release|x86.Build.0 = Release|Any CPU
	EndGlobalSection
EndGlobal
