
Microsoft Visual Studio Solution File, Format Version 12.00
# Visual Studio Version 16
VisualStudioVersion = 16.0.31402.337
MinimumVisualStudioVersion = 10.0.40219.1
Project("{9A19103F-16F7-4668-BE54-9A1E7A4F7556}") = "ImpactAnalyzer", "ImpactAnalyzer\ImpactAnalyzer.csproj", "{04A03542-47CE-4F96-A897-39CCFC31AD42}"
EndProject
Global
	GlobalSection(SolutionConfigurationPlatforms) = preSolution
		Debug|Any CPU = Debug|Any CPU
		Release|Any CPU = Release|Any CPU
	EndGlobalSection
	GlobalSection(ProjectConfigurationPlatforms) = postSolution
		{04A03542-47CE-4F96-A897-39CCFC31AD42}.Debug|Any CPU.ActiveCfg = Debug|Any CPU
		{04A03542-47CE-4F96-A897-39CCFC31AD42}.Debug|Any CPU.Build.0 = Debug|Any CPU
		{04A03542-47CE-4F96-A897-39CCFC31AD42}.Release|Any CPU.ActiveCfg = Release|Any CPU
		{04A03542-47CE-4F96-A897-39CCFC31AD42}.Release|Any CPU.Build.0 = Release|Any CPU
	EndGlobalSection
	GlobalSection(SolutionProperties) = preSolution
		HideSolutionNode = FALSE
	EndGlobalSection
	GlobalSection(ExtensibilityGlobals) = postSolution
		SolutionGuid = {8C82C5DE-5016-43CD-B3FC-2BEC6E1439A8}
	EndGlobalSection
EndGlobal
