
Microsoft Visual Studio Solution File, Format Version 12.00
# Visual Studio Version 17
VisualStudioVersion = 17.5.002.0
MinimumVisualStudioVersion = 10.0.40219.1
Project("{9A19103F-16F7-4668-BE54-9A1E7A4F7556}") = "GuardCop.Analyzers.Sample", "GuardCop.Analyzers.Sample\GuardCop.Analyzers.Sample.csproj", "{C84E6643-300B-4C6A-8C06-6A55049532BE}"
EndProject
Global
	GlobalSection(SolutionConfigurationPlatforms) = preSolution
		Debug|Any CPU = Debug|Any CPU
		Release|Any CPU = Release|Any CPU
	EndGlobalSection
	GlobalSection(ProjectConfigurationPlatforms) = postSolution
		{C84E6643-300B-4C6A-8C06-6A55049532BE}.Debug|Any CPU.ActiveCfg = Debug|Any CPU
		{C84E6643-300B-4C6A-8C06-6A55049532BE}.Debug|Any CPU.Build.0 = Debug|Any CPU
		{C84E6643-300B-4C6A-8C06-6A55049532BE}.Release|Any CPU.ActiveCfg = Release|Any CPU
		{C84E6643-300B-4C6A-8C06-6A55049532BE}.Release|Any CPU.Build.0 = Release|Any CPU
	EndGlobalSection
	GlobalSection(SolutionProperties) = preSolution
		HideSolutionNode = FALSE
	EndGlobalSection
	GlobalSection(ExtensibilityGlobals) = postSolution
		SolutionGuid = {2CA7B9B7-64FD-41A8-AF41-6ED6172A69A4}
	EndGlobalSection
EndGlobal
