
Microsoft Visual Studio Solution File, Format Version 12.00
# Visual Studio Version 17
VisualStudioVersion = 17.3.32901.215
MinimumVisualStudioVersion = 10.0.40219.1
Project("{9A19103F-16F7-4668-BE54-9A1E7A4F7556}") = "AwaitableEvents", "AwaitableEvents\AwaitableEvents.csproj", "{58917633-9A5E-44BE-8434-4A7CCD851E93}"
EndProject
Project("{FAE04EC0-301F-11D3-BF4B-00C04F79EFBC}") = "AwaitableEvents.Tests", "AwaitableEvents.Tests\AwaitableEvents.Tests.csproj", "{6B3C2456-DD03-4B9D-A170-326C693D9F00}"
EndProject
Global
	GlobalSection(SolutionConfigurationPlatforms) = preSolution
		Debug|Any CPU = Debug|Any CPU
		Release|Any CPU = Release|Any CPU
	EndGlobalSection
	GlobalSection(ProjectConfigurationPlatforms) = postSolution
		{58917633-9A5E-44BE-8434-4A7CCD851E93}.Debug|Any CPU.ActiveCfg = Debug|Any CPU
		{58917633-9A5E-44BE-8434-4A7CCD851E93}.Debug|Any CPU.Build.0 = Debug|Any CPU
		{58917633-9A5E-44BE-8434-4A7CCD851E93}.Release|Any CPU.ActiveCfg = Release|Any CPU
		{58917633-9A5E-44BE-8434-4A7CCD851E93}.Release|Any CPU.Build.0 = Release|Any CPU
		{6B3C2456-DD03-4B9D-A170-326C693D9F00}.Debug|Any CPU.ActiveCfg = Debug|Any CPU
		{6B3C2456-DD03-4B9D-A170-326C693D9F00}.Debug|Any CPU.Build.0 = Debug|Any CPU
		{6B3C2456-DD03-4B9D-A170-326C693D9F00}.Release|Any CPU.ActiveCfg = Release|Any CPU
		{6B3C2456-DD03-4B9D-A170-326C693D9F00}.Release|Any CPU.Build.0 = Release|Any CPU
	EndGlobalSection
	GlobalSection(SolutionProperties) = preSolution
		HideSolutionNode = FALSE
	EndGlobalSection
	GlobalSection(ExtensibilityGlobals) = postSolution
		SolutionGuid = {10D48C2F-F3E8-48A0-8DA6-FF8C8E3479A8}
	EndGlobalSection
EndGlobal
