
Microsoft Visual Studio Solution File, Format Version 12.00
# Visual Studio Version 17
VisualStudioVersion = 17.5.002.0
MinimumVisualStudioVersion = 10.0.40219.1
Project("{9A19103F-16F7-4668-BE54-9A1E7A4F7556}") = "HowToInCA.Adapters", "HowToInCA.Adapters\HowToInCA.Adapters.csproj", "{58F0CCFE-EDB1-41FA-941D-469888E65D86}"
EndProject
Project("{9A19103F-16F7-4668-BE54-9A1E7A4F7556}") = "HowToInCA.Adapters.Tests", "HowToInCA.Adapters.Tests\HowToInCA.Adapters.Tests.csproj", "{2652CCF1-44C3-44E0-929E-2E8091D63C45}"
EndProject
Project("{9A19103F-16F7-4668-BE54-9A1E7A4F7556}") = "HowToInCA.Application", "HowToInCA.Application\HowToInCA.Application.csproj", "{CC180329-E250-429F-9DA8-525F2A20ECBE}"
EndProject
Project("{9A19103F-16F7-4668-BE54-9A1E7A4F7556}") = "HowToInCA.CLI", "HowToInCA.CLI\HowToInCA.CLI.csproj", "{E3E49ED1-2F8F-4290-9A58-77843E128878}"
EndProject
Project("{9A19103F-16F7-4668-BE54-9A1E7A4F7556}") = "HowToInCA.DataAccess", "HowToInCA.DataAccess\HowToInCA.DataAccess.csproj", "{1DCD61F9-3BCF-4AF6-8592-7E6A3116D5AB}"
EndProject
Project("{9A19103F-16F7-4668-BE54-9A1E7A4F7556}") = "HowToInCA.DataAccess.Tests", "HowToInCA.DataAccess.Tests\HowToInCA.DataAccess.Tests.csproj", "{B4E770A8-9DF0-4B69-AA94-D75FF7EBDDDB}"
EndProject
Global
	GlobalSection(SolutionConfigurationPlatforms) = preSolution
		Debug|Any CPU = Debug|Any CPU
		Release|Any CPU = Release|Any CPU
	EndGlobalSection
	GlobalSection(ProjectConfigurationPlatforms) = postSolution
		{58F0CCFE-EDB1-41FA-941D-469888E65D86}.Debug|Any CPU.ActiveCfg = Debug|Any CPU
		{58F0CCFE-EDB1-41FA-941D-469888E65D86}.Debug|Any CPU.Build.0 = Debug|Any CPU
		{58F0CCFE-EDB1-41FA-941D-469888E65D86}.Release|Any CPU.ActiveCfg = Release|Any CPU
		{58F0CCFE-EDB1-41FA-941D-469888E65D86}.Release|Any CPU.Build.0 = Release|Any CPU
		{2652CCF1-44C3-44E0-929E-2E8091D63C45}.Debug|Any CPU.ActiveCfg = Debug|Any CPU
		{2652CCF1-44C3-44E0-929E-2E8091D63C45}.Debug|Any CPU.Build.0 = Debug|Any CPU
		{2652CCF1-44C3-44E0-929E-2E8091D63C45}.Release|Any CPU.ActiveCfg = Release|Any CPU
		{2652CCF1-44C3-44E0-929E-2E8091D63C45}.Release|Any CPU.Build.0 = Release|Any CPU
		{CC180329-E250-429F-9DA8-525F2A20ECBE}.Debug|Any CPU.ActiveCfg = Debug|Any CPU
		{CC180329-E250-429F-9DA8-525F2A20ECBE}.Debug|Any CPU.Build.0 = Debug|Any CPU
		{CC180329-E250-429F-9DA8-525F2A20ECBE}.Release|Any CPU.ActiveCfg = Release|Any CPU
		{CC180329-E250-429F-9DA8-525F2A20ECBE}.Release|Any CPU.Build.0 = Release|Any CPU
		{E3E49ED1-2F8F-4290-9A58-77843E128878}.Debug|Any CPU.ActiveCfg = Debug|Any CPU
		{E3E49ED1-2F8F-4290-9A58-77843E128878}.Debug|Any CPU.Build.0 = Debug|Any CPU
		{E3E49ED1-2F8F-4290-9A58-77843E128878}.Release|Any CPU.ActiveCfg = Release|Any CPU
		{E3E49ED1-2F8F-4290-9A58-77843E128878}.Release|Any CPU.Build.0 = Release|Any CPU
		{1DCD61F9-3BCF-4AF6-8592-7E6A3116D5AB}.Debug|Any CPU.ActiveCfg = Debug|Any CPU
		{1DCD61F9-3BCF-4AF6-8592-7E6A3116D5AB}.Debug|Any CPU.Build.0 = Debug|Any CPU
		{1DCD61F9-3BCF-4AF6-8592-7E6A3116D5AB}.Release|Any CPU.ActiveCfg = Release|Any CPU
		{1DCD61F9-3BCF-4AF6-8592-7E6A3116D5AB}.Release|Any CPU.Build.0 = Release|Any CPU
		{B4E770A8-9DF0-4B69-AA94-D75FF7EBDDDB}.Debug|Any CPU.ActiveCfg = Debug|Any CPU
		{B4E770A8-9DF0-4B69-AA94-D75FF7EBDDDB}.Debug|Any CPU.Build.0 = Debug|Any CPU
		{B4E770A8-9DF0-4B69-AA94-D75FF7EBDDDB}.Release|Any CPU.ActiveCfg = Release|Any CPU
		{B4E770A8-9DF0-4B69-AA94-D75FF7EBDDDB}.Release|Any CPU.Build.0 = Release|Any CPU
	EndGlobalSection
	GlobalSection(SolutionProperties) = preSolution
		HideSolutionNode = FALSE
	EndGlobalSection
	GlobalSection(ExtensibilityGlobals) = postSolution
		SolutionGuid = {7647BD64-604F-46C5-BC7A-135EC2841C0E}
	EndGlobalSection
EndGlobal
